// !$*UTF8*$!
{
	archiveVersion = 1;
	classes = {
	};
	objectVersion = 77;
	objects = {

/* Begin PBXBuildFile section */
		64DA07CE2F99E14A0003A782 /* WidgetKit.framework in Frameworks */ = {isa = PBXBuildFile; fileRef = 64DA07CD2F99E14A0003A782 /* WidgetKit.framework */; };
		64DA07D02F99E14A0003A782 /* SwiftUI.framework in Frameworks */ = {isa = PBXBuildFile; fileRef = 64DA07CF2F99E14A0003A782 /* SwiftUI.framework */; };
		64DA07DB2F99E14B0003A782 /* SevenSistersWidgetExtensionExtension.appex in Embed Foundation Extensions */ = {isa = PBXBuildFile; fileRef = 64DA07CC2F99E14A0003A782 /* SevenSistersWidgetExtensionExtension.appex */; settings = {ATTRIBUTES = (RemoveHeadersOnCopy, ); }; };
/* End PBXBuildFile section */

/* Begin PBXContainerItemProxy section */
		647427032F960BF100A65CFA /* PBXContainerItemProxy */ = {
			isa = PBXContainerItemProxy;
			containerPortal = D0061DA22DE2DE1300644B93 /* Project object */;
			proxyType = 1;
			remoteGlobalIDString = D0061DA92DE2DE1300644B93;
			remoteInfo = CardsofTheSevenSisters;
		};
		647427212F9610FD00A65CFA /* PBXContainerItemProxy */ = {
			isa = PBXContainerItemProxy;
			containerPortal = D0061DA22DE2DE1300644B93 /* Project object */;
			proxyType = 1;
			remoteGlobalIDString = D0061DA92DE2DE1300644B93;
			remoteInfo = CardsofTheSevenSisters;
		};
		64DA07D92F99E14B0003A782 /* PBXContainerItemProxy */ = {
			isa = PBXContainerItemProxy;
			containerPortal = D0061DA22DE2DE1300644B93 /* Project object */;
			proxyType = 1;
			remoteGlobalIDString = 64DA07CB2F99E14A0003A782;
			remoteInfo = SevenSistersWidgetExtensionExtension;
		};
/* End PBXContainerItemProxy section */

/* Begin PBXCopyFilesBuildPhase section */
		D03B892B2E965ED4008142F6 /* Embed Foundation Extensions */ = {
			isa = PBXCopyFilesBuildPhase;
			buildActionMask = 2147483647;
			dstPath = "";
			dstSubfolderSpec = 13;
			files = (
				64DA07DB2F99E14B0003A782 /* SevenSistersWidgetExtensionExtension.appex in Embed Foundation Extensions */,
			);
			name = "Embed Foundation Extensions";
			runOnlyForDeploymentPostprocessing = 0;
		};
/* End PBXCopyFilesBuildPhase section */

/* Begin PBXFileReference section */
		647426FF2F960BF100A65CFA /* Cards of The Seven SistersTests.xctest */ = {isa = PBXFileReference; explicitFileType = wrapper.cfbundle; includeInIndex = 0; path = "Cards of The Seven SistersTests.xctest"; sourceTree = BUILT_PRODUCTS_DIR; };
		6474271B2F9610FD00A65CFA /* Cards of The Seven Sisters UITests.xctest */ = {isa = PBXFileReference; explicitFileType = wrapper.cfbundle; includeInIndex = 0; path = "Cards of The Seven Sisters UITests.xctest"; sourceTree = BUILT_PRODUCTS_DIR; };
		64DA07CC2F99E14A0003A782 /* SevenSistersWidgetExtensionExtension.appex */ = {isa = PBXFileReference; explicitFileType = "wrapper.app-extension"; includeInIndex = 0; path = SevenSistersWidgetExtensionExtension.appex; sourceTree = BUILT_PRODUCTS_DIR; };
		64DA07CD2F99E14A0003A782 /* WidgetKit.framework */ = {isa = PBXFileReference; lastKnownFileType = wrapper.framework; name = WidgetKit.framework; path = System/Library/Frameworks/WidgetKit.framework; sourceTree = SDKROOT; };
		64DA07CF2F99E14A0003A782 /* SwiftUI.framework */ = {isa = PBXFileReference; lastKnownFileType = wrapper.framework; name = SwiftUI.framework; path = System/Library/Frameworks/SwiftUI.framework; sourceTree = SDKROOT; };
		64DA07E02F99E1690003A782 /* SevenSistersWidgetExtensionExtension.entitlements */ = {isa = PBXFileReference; lastKnownFileType = text.plist.entitlements; path = SevenSistersWidgetExtensionExtension.entitlements; sourceTree = "<group>"; };
		D0061DAA2DE2DE1300644B93 /* CardsofTheSevenSisters.app */ = {isa = PBXFileReference; explicitFileType = wrapper.application; includeInIndex = 0; path = CardsofTheSevenSisters.app; sourceTree = BUILT_PRODUCTS_DIR; };
		D03B891B2E965ED4008142F6 /* AuthenticationServices.framework */ = {isa = PBXFileReference; lastKnownFileType = wrapper.framework; name = AuthenticationServices.framework; path = System/Library/Frameworks/AuthenticationServices.framework; sourceTree = SDKROOT; };
/* End PBXFileReference section */

/* Begin PBXFileSystemSynchronizedBuildFileExceptionSet section */
		64DA07DF2F99E14B0003A782 /* Exceptions for "SevenSistersWidgetExtension" folder in "SevenSistersWidgetExtensionExtension" target */ = {
			isa = PBXFileSystemSynchronizedBuildFileExceptionSet;
			membershipExceptions = (
				Info.plist,
			);
			target = 64DA07CB2F99E14A0003A782 /* SevenSistersWidgetExtensionExtension */;
		};
		D0061DAC2DE2DE1300644B94 /* Exceptions for "CardsofTheSevenSisters" folder in "CardsofTheSevenSisters" target */ = {
			isa = PBXFileSystemSynchronizedBuildFileExceptionSet;
			membershipExceptions = (
				Info.plist,
			);
			target = D0061DA92DE2DE1300644B93 /* CardsofTheSevenSisters */;
		};
/* End PBXFileSystemSynchronizedBuildFileExceptionSet section */

/* Begin PBXFileSystemSynchronizedRootGroup section */
		647427002F960BF100A65CFA /* Cards of The Seven SistersTests */ = {
			isa = PBXFileSystemSynchronizedRootGroup;
			path = "Cards of The Seven SistersTests";
			sourceTree = "<group>";
		};
		6474270D2F960C9C00A65CFA /* Cards of The Seven Sisters UITests */ = {
			isa = PBXFileSystemSynchronizedRootGroup;
			path = "Cards of The Seven Sisters UITests";
			sourceTree = "<group>";
		};
		6474271C2F9610FD00A65CFA /* Cards of The Seven Sisters UITests */ = {
			isa = PBXFileSystemSynchronizedRootGroup;
			path = "Cards of The Seven Sisters UITests";
			sourceTree = "<group>";
		};
		64DA07D12F99E14A0003A782 /* SevenSistersWidgetExtension */ = {
			isa = PBXFileSystemSynchronizedRootGroup;
			exceptions = (
				64DA07DF2F99E14B0003A782 /* Exceptions for "SevenSistersWidgetExtension" folder in "SevenSistersWidgetExtensionExtension" target */,
			);
			path = SevenSistersWidgetExtension;
			sourceTree = "<group>";
		};
		D0061DAC2DE2DE1300644B93 /* CardsofTheSevenSisters */ = {
			isa = PBXFileSystemSynchronizedRootGroup;
			exceptions = (
				D0061DAC2DE2DE1300644B94 /* Exceptions for "CardsofTheSevenSisters" folder in "CardsofTheSevenSisters" target */,
			);
			path = CardsofTheSevenSisters;
			sourceTree = "<group>";
		};
/* End PBXFileSystemSynchronizedRootGroup section */

/* Begin PBXFrameworksBuildPhase section */
		647426FC2F960BF100A65CFA /* Frameworks */ = {
			isa = PBXFrameworksBuildPhase;
			buildActionMask = 2147483647;
			files = (
			);
			runOnlyForDeploymentPostprocessing = 0;
		};
		647427182F9610FD00A65CFA /* Frameworks */ = {
			isa = PBXFrameworksBuildPhase;
			buildActionMask = 2147483647;
			files = (
			);
			runOnlyForDeploymentPostprocessing = 0;
		};
		64DA07C92F99E14A0003A782 /* Frameworks */ = {
			isa = PBXFrameworksBuildPhase;
			buildActionMask = 2147483647;
			files = (
				64DA07D02F99E14A0003A782 /* SwiftUI.framework in Frameworks */,
				64DA07CE2F99E14A0003A782 /* WidgetKit.framework in Frameworks */,
			);
			runOnlyForDeploymentPostprocessing = 0;
		};
		D0061DA72DE2DE1300644B93 /* Frameworks */ = {
			isa = PBXFrameworksBuildPhase;
			buildActionMask = 2147483647;
			files = (
			);
			runOnlyForDeploymentPostprocessing = 0;
		};
/* End PBXFrameworksBuildPhase section */

/* Begin PBXGroup section */
		D0061DA12DE2DE1300644B93 = {
			isa = PBXGroup;
			children = (
				64DA07E02F99E1690003A782 /* SevenSistersWidgetExtensionExtension.entitlements */,
				D0061DAC2DE2DE1300644B93 /* CardsofTheSevenSisters */,
				647427002F960BF100A65CFA /* Cards of The Seven SistersTests */,
				6474270D2F960C9C00A65CFA /* Cards of The Seven Sisters UITests */,
				6474271C2F9610FD00A65CFA /* Cards of The Seven Sisters UITests */,
				64DA07D12F99E14A0003A782 /* SevenSistersWidgetExtension */,
				D03B891A2E965ED4008142F6 /* Frameworks */,
				D0061DAB2DE2DE1300644B93 /* Products */,
			);
			sourceTree = "<group>";
		};
		D0061DAB2DE2DE1300644B93 /* Products */ = {
			isa = PBXGroup;
			children = (
				D0061DAA2DE2DE1300644B93 /* CardsofTheSevenSisters.app */,
				647426FF2F960BF100A65CFA /* Cards of The Seven SistersTests.xctest */,
				6474271B2F9610FD00A65CFA /* Cards of The Seven Sisters UITests.xctest */,
				64DA07CC2F99E14A0003A782 /* SevenSistersWidgetExtensionExtension.appex */,
			);
			name = Products;
			sourceTree = "<group>";
		};
		D03B891A2E965ED4008142F6 /* Frameworks */ = {
			isa = PBXGroup;
			children = (
				D03B891B2E965ED4008142F6 /* AuthenticationServices.framework */,
				64DA07CD2F99E14A0003A782 /* WidgetKit.framework */,
				64DA07CF2F99E14A0003A782 /* SwiftUI.framework */,
			);
			name = Frameworks;
			sourceTree = "<group>";
		};
/* End PBXGroup section */

/* Begin PBXNativeTarget section */
		647426FE2F960BF100A65CFA /* Cards of The Seven SistersTests */ = {
			isa = PBXNativeTarget;
			buildConfigurationList = 647427052F960BF100A65CFA /* Build configuration list for PBXNativeTarget "Cards of The Seven SistersTests" */;
			buildPhases = (
				647426FB2F960BF100A65CFA /* Sources */,
				647426FC2F960BF100A65CFA /* Frameworks */,
				647426FD2F960BF100A65CFA /* Resources */,
			);
			buildRules = (
			);
			dependencies = (
				647427042F960BF100A65CFA /* PBXTargetDependency */,
			);
			fileSystemSynchronizedGroups = (
				647427002F960BF100A65CFA /* Cards of The Seven SistersTests */,
			);
			name = "Cards of The Seven SistersTests";
			packageProductDependencies = (
			);
			productName = "Cards of The Seven SistersTests";
			productReference = 647426FF2F960BF100A65CFA /* Cards of The Seven SistersTests.xctest */;
			productType = "com.apple.product-type.bundle.unit-test";
		};
		6474271A2F9610FD00A65CFA /* Cards of The Seven Sisters UITests */ = {
			isa = PBXNativeTarget;
			buildConfigurationList = 647427232F9610FD00A65CFA /* Build configuration list for PBXNativeTarget "Cards of The Seven Sisters UITests" */;
			buildPhases = (
				647427172F9610FD00A65CFA /* Sources */,
				647427182F9610FD00A65CFA /* Frameworks */,
				647427192F9610FD00A65CFA /* Resources */,
			);
			buildRules = (
			);
			dependencies = (
				647427222F9610FD00A65CFA /* PBXTargetDependency */,
			);
			fileSystemSynchronizedGroups = (
				6474271C2F9610FD00A65CFA /* Cards of The Seven Sisters UITests */,
			);
			name = "Cards of The Seven Sisters UITests";
			packageProductDependencies = (
			);
			productName = "Cards of The Seven Sisters UITests";
			productReference = 6474271B2F9610FD00A65CFA /* Cards of The Seven Sisters UITests.xctest */;
			productType = "com.apple.product-type.bundle.ui-testing";
		};
		64DA07CB2F99E14A0003A782 /* SevenSistersWidgetExtensionExtension */ = {
			isa = PBXNativeTarget;
			buildConfigurationList = 64DA07DC2F99E14B0003A782 /* Build configuration list for PBXNativeTarget "SevenSistersWidgetExtensionExtension" */;
			buildPhases = (
				64DA07C82F99E14A0003A782 /* Sources */,
				64DA07C92F99E14A0003A782 /* Frameworks */,
				64DA07CA2F99E14A0003A782 /* Resources */,
			);
			buildRules = (
			);
			dependencies = (
			);
			fileSystemSynchronizedGroups = (
				64DA07D12F99E14A0003A782 /* SevenSistersWidgetExtension */,
			);
			name = SevenSistersWidgetExtensionExtension;
			packageProductDependencies = (
			);
			productName = SevenSistersWidgetExtensionExtension;
			productReference = 64DA07CC2F99E14A0003A782 /* SevenSistersWidgetExtensionExtension.appex */;
			productType = "com.apple.product-type.app-extension";
		};
		D0061DA92DE2DE1300644B93 /* CardsofTheSevenSisters */ = {
			isa = PBXNativeTarget;
			buildConfigurationList = D0061DB82DE2DE1500644B93 /* Build configuration list for PBXNativeTarget "CardsofTheSevenSisters" */;
			buildPhases = (
				D0061DA62DE2DE1300644B93 /* Sources */,
				D0061DA72DE2DE1300644B93 /* Frameworks */,
				D0061DA82DE2DE1300644B93 /* Resources */,
				D03B892B2E965ED4008142F6 /* Embed Foundation Extensions */,
				D09A136D2EDC782C007A49E7 /* ShellScript */,
			);
			buildRules = (
			);
			dependencies = (
				64DA07DA2F99E14B0003A782 /* PBXTargetDependency */,
			);
			fileSystemSynchronizedGroups = (
				D0061DAC2DE2DE1300644B93 /* CardsofTheSevenSisters */,
			);
			name = CardsofTheSevenSisters;
			packageProductDependencies = (
			);
			productName = "Cards of The Seven Sisters";
			productReference = D0061DAA2DE2DE1300644B93 /* CardsofTheSevenSisters.app */;
			productType = "com.apple.product-type.application";
		};
/* End PBXNativeTarget section */

/* Begin PBXProject section */
		D0061DA22DE2DE1300644B93 /* Project object */ = {
			isa = PBXProject;
			attributes = {
				BuildIndependentTargetsInParallel = 1;
				LastSwiftUpdateCheck = 2630;
				LastUpgradeCheck = 2610;
				TargetAttributes = {
					647426FE2F960BF100A65CFA = {
						CreatedOnToolsVersion = 26.3;
						TestTargetID = D0061DA92DE2DE1300644B93;
					};
					6474271A2F9610FD00A65CFA = {
						CreatedOnToolsVersion = 26.3;
						TestTargetID = D0061DA92DE2DE1300644B93;
					};
					64DA07CB2F99E14A0003A782 = {
						CreatedOnToolsVersion = 26.3;
					};
					D0061DA92DE2DE1300644B93 = {
						CreatedOnToolsVersion = 16.2;
					};
				};
			};
			buildConfigurationList = D0061DA52DE2DE1300644B93 /* Build configuration list for PBXProject "CardsofTheSevenSisters" */;
			developmentRegion = en;
			hasScannedForEncodings = 0;
			knownRegions = (
				en,
				Base,
			);
			mainGroup = D0061DA12DE2DE1300644B93;
			minimizedProjectReferenceProxies = 1;
			packageReferences = (
			);
			preferredProjectObjectVersion = 77;
			productRefGroup = D0061DAB2DE2DE1300644B93 /* Products */;
			projectDirPath = "";
			projectRoot = "";
			targets = (
				D0061DA92DE2DE1300644B93 /* CardsofTheSevenSisters */,
				647426FE2F960BF100A65CFA /* Cards of The Seven SistersTests */,
				6474271A2F9610FD00A65CFA /* Cards of The Seven Sisters UITests */,
				64DA07CB2F99E14A0003A782 /* SevenSistersWidgetExtensionExtension */,
			);
		};
/* End PBXProject section */

/* Begin PBXResourcesBuildPhase section */
		647426FD2F960BF100A65CFA /* Resources */ = {
			isa = PBXResourcesBuildPhase;
			buildActionMask = 2147483647;
			files = (
			);
			runOnlyForDeploymentPostprocessing = 0;
		};
		647427192F9610FD00A65CFA /* Resources */ = {
			isa = PBXResourcesBuildPhase;
			buildActionMask = 2147483647;
			files = (
			);
			runOnlyForDeploymentPostprocessing = 0;
		};
		64DA07CA2F99E14A0003A782 /* Resources */ = {
			isa = PBXResourcesBuildPhase;
			buildActionMask = 2147483647;
			files = (
			);
			runOnlyForDeploymentPostprocessing = 0;
		};
		D0061DA82DE2DE1300644B93 /* Resources */ = {
			isa = PBXResourcesBuildPhase;
			buildActionMask = 2147483647;
			files = (
			);
			runOnlyForDeploymentPostprocessing = 0;
		};
/* End PBXResourcesBuildPhase section */

/* Begin PBXShellScriptBuildPhase section */
		D09A136D2EDC782C007A49E7 /* ShellScript */ = {
			isa = PBXShellScriptBuildPhase;
			alwaysOutOfDate = 1;
			buildActionMask = 2147483647;
			files = (
			);
			inputFileListPaths = (
			);
			inputPaths = (
			);
			outputFileListPaths = (
			);
			outputPaths = (
			);
			runOnlyForDeploymentPostprocessing = 0;
			shellPath = /bin/sh;
			shellScript = "# Type a script or d \"${BUILD_DIR%/Build/*}/SourcePackages/checkouts/firebase-ios-sdk/Crashlytics/run\"rag a script file from your workspace to insert its path.\n";
		};
/* End PBXShellScriptBuildPhase section */

/* Begin PBXSourcesBuildPhase section */
		647426FB2F960BF100A65CFA /* Sources */ = {
			isa = PBXSourcesBuildPhase;
			buildActionMask = 2147483647;
			files = (
			);
			runOnlyForDeploymentPostprocessing = 0;
		};
		647427172F9610FD00A65CFA /* Sources */ = {
			isa = PBXSourcesBuildPhase;
			buildActionMask = 2147483647;
			files = (
			);
			runOnlyForDeploymentPostprocessing = 0;
		};
		64DA07C82F99E14A0003A782 /* Sources */ = {
			isa = PBXSourcesBuildPhase;
			buildActionMask = 2147483647;
			files = (
			);
			runOnlyForDeploymentPostprocessing = 0;
		};
		D0061DA62DE2DE1300644B93 /* Sources */ = {
			isa = PBXSourcesBuildPhase;
			buildActionMask = 2147483647;
			files = (
			);
			runOnlyForDeploymentPostprocessing = 0;
		};
/* End PBXSourcesBuildPhase section */

/* Begin PBXTargetDependency section */
		647427042F960BF100A65CFA /* PBXTargetDependency */ = {
			isa = PBXTargetDependency;
			target = D0061DA92DE2DE1300644B93 /* CardsofTheSevenSisters */;
			targetProxy = 647427032F960BF100A65CFA /* PBXContainerItemProxy */;
		};
		647427222F9610FD00A65CFA /* PBXTargetDependency */ = {
			isa = PBXTargetDependency;
			target = D0061DA92DE2DE1300644B93 /* CardsofTheSevenSisters */;
			targetProxy = 647427212F9610FD00A65CFA /* PBXContainerItemProxy */;
		};
		64DA07DA2F99E14B0003A782 /* PBXTargetDependency */ = {
			isa = PBXTargetDependency;
			target = 64DA07CB2F99E14A0003A782 /* SevenSistersWidgetExtensionExtension */;
			targetProxy = 64DA07D92F99E14B0003A782 /* PBXContainerItemProxy */;
		};
/* End PBXTargetDependency section */

/* Begin XCBuildConfiguration section */
		647427062F960BF100A65CFA /* Debug */ = {
			isa = XCBuildConfiguration;
			buildSettings = {
				BUNDLE_LOADER = "$(TEST_HOST)";
				CODE_SIGN_STYLE = Automatic;
				CURRENT_PROJECT_VERSION = 1;
				DEVELOPMENT_TEAM = N6R87NMS8K;
				GENERATE_INFOPLIST_FILE = YES;
				IPHONEOS_DEPLOYMENT_TARGET = 26.1;
				MARKETING_VERSION = 1.0;
				PRODUCT_BUNDLE_IDENTIFIER = "wearemagiclife.Cards-of-The-Seven-SistersTests";
				PRODUCT_NAME = "$(TARGET_NAME)";
				STRING_CATALOG_GENERATE_SYMBOLS = NO;
				SWIFT_APPROACHABLE_CONCURRENCY = YES;
				SWIFT_EMIT_LOC_STRINGS = NO;
				SWIFT_UPCOMING_FEATURE_MEMBER_IMPORT_VISIBILITY = YES;
				SWIFT_VERSION = 5.0;
				TARGETED_DEVICE_FAMILY = "1,2";
				TEST_HOST = "$(BUILT_PRODUCTS_DIR)/CardsofTheSevenSisters.app/$(BUNDLE_EXECUTABLE_FOLDER_PATH)/CardsofTheSevenSisters";
			};
			name = Debug;
		};
		647427072F960BF100A65CFA /* Release */ = {
			isa = XCBuildConfiguration;
			buildSettings = {
				BUNDLE_LOADER = "$(TEST_HOST)";
				CODE_SIGN_STYLE = Automatic;
				CURRENT_PROJECT_VERSION = 1;
				DEVELOPMENT_TEAM = N6R87NMS8K;
				GENERATE_INFOPLIST_FILE = YES;
				IPHONEOS_DEPLOYMENT_TARGET = 26.1;
				MARKETING_VERSION = 1.0;
				PRODUCT_BUNDLE_IDENTIFIER = "wearemagiclife.Cards-of-The-Seven-SistersTests";
				PRODUCT_NAME = "$(TARGET_NAME)";
				STRING_CATALOG_GENERATE_SYMBOLS = NO;
				SWIFT_APPROACHABLE_CONCURRENCY = YES;
				SWIFT_EMIT_LOC_STRINGS = NO;
				SWIFT_UPCOMING_FEATURE_MEMBER_IMPORT_VISIBILITY = YES;
				SWIFT_VERSION = 5.0;
				TARGETED_DEVICE_FAMILY = "1,2";
				TEST_HOST = "$(BUILT_PRODUCTS_DIR)/CardsofTheSevenSisters.app/$(BUNDLE_EXECUTABLE_FOLDER_PATH)/CardsofTheSevenSisters";
			};
			name = Release;
		};
		647427242F9610FD00A65CFA /* Debug */ = {
			isa = XCBuildConfiguration;
			buildSettings = {
				CODE_SIGN_STYLE = Automatic;
				CURRENT_PROJECT_VERSION = 1;
				DEVELOPMENT_TEAM = N6R87NMS8K;
				GENERATE_INFOPLIST_FILE = YES;
				IPHONEOS_DEPLOYMENT_TARGET = 26.1;
				MARKETING_VERSION = 1.0;
				PRODUCT_BUNDLE_IDENTIFIER = "wearemagiclife.Cards-of-The-Seven-Sisters-UITests";
				PRODUCT_NAME = "$(TARGET_NAME)";
				STRING_CATALOG_GENERATE_SYMBOLS = NO;
				SWIFT_APPROACHABLE_CONCURRENCY = YES;
				SWIFT_EMIT_LOC_STRINGS = NO;
				SWIFT_UPCOMING_FEATURE_MEMBER_IMPORT_VISIBILITY = YES;
				SWIFT_VERSION = 5.0;
				TARGETED_DEVICE_FAMILY = "1,2";
				TEST_TARGET_NAME = CardsofTheSevenSisters;
			};
			name = Debug;
		};
		647427252F9610FD00A65CFA /* Release */ = {
			isa = XCBuildConfiguration;
			buildSettings = {
				CODE_SIGN_STYLE = Automatic;
				CURRENT_PROJECT_VERSION = 1;
				DEVELOPMENT_TEAM = N6R87NMS8K;
				GENERATE_INFOPLIST_FILE = YES;
				IPHONEOS_DEPLOYMENT_TARGET = 26.1;
				MARKETING_VERSION = 1.0;
				PRODUCT_BUNDLE_IDENTIFIER = "wearemagiclife.Cards-of-The-Seven-Sisters-UITests";
				PRODUCT_NAME = "$(TARGET_NAME)";
				STRING_CATALOG_GENERATE_SYMBOLS = NO;
				SWIFT_APPROACHABLE_CONCURRENCY = YES;
				SWIFT_EMIT_LOC_STRINGS = NO;
				SWIFT_UPCOMING_FEATURE_MEMBER_IMPORT_VISIBILITY = YES;
				SWIFT_VERSION = 5.0;
				TARGETED_DEVICE_FAMILY = "1,2";
				TEST_TARGET_NAME = CardsofTheSevenSisters;
			};
			name = Release;
		};
		64DA07DD2F99E14B0003A782 /* Debug */ = {
			isa = XCBuildConfiguration;
			buildSettings = {
				ASSETCATALOG_COMPILER_GLOBAL_ACCENT_COLOR_NAME = AccentColor;
				ASSETCATALOG_COMPILER_WIDGET_BACKGROUND_COLOR_NAME = WidgetBackground;
				CODE_SIGN_ENTITLEMENTS = SevenSistersWidgetExtensionExtension.entitlements;
				CODE_SIGN_IDENTITY = "Apple Development";
				CODE_SIGN_STYLE = Automatic;
				CURRENT_PROJECT_VERSION = 2;
				DEVELOPMENT_TEAM = N6R87NMS8K;
				GENERATE_INFOPLIST_FILE = YES;
				INFOPLIST_FILE = SevenSistersWidgetExtension/Info.plist;
				INFOPLIST_KEY_CFBundleDisplayName = SevenSistersWidgetExtension;
				INFOPLIST_KEY_NSHumanReadableCopyright = "";
				IPHONEOS_DEPLOYMENT_TARGET = 26.1;
				LD_RUNPATH_SEARCH_PATHS = (
					"$(inherited)",
					"@executable_path/Frameworks",
					"@executable_path/../../Frameworks",
				);
				MARKETING_VERSION = 1.0.1;
				PRODUCT_BUNDLE_IDENTIFIER = com.CardsOfTheSevenSistersApp.CardsOfTheSevenSisters.SevenSistersWidgetExtension;
				PRODUCT_NAME = "$(TARGET_NAME)";
				SKIP_INSTALL = YES;
				STRING_CATALOG_GENERATE_SYMBOLS = YES;
				SWIFT_APPROACHABLE_CONCURRENCY = YES;
				SWIFT_EMIT_LOC_STRINGS = YES;
				SWIFT_UPCOMING_FEATURE_MEMBER_IMPORT_VISIBILITY = YES;
				SWIFT_VERSION = 5.0;
				TARGETED_DEVICE_FAMILY = "1,2";
			};
			name = Debug;
		};
		64DA07DE2F99E14B0003A782 /* Release */ = {
			isa = XCBuildConfiguration;
			buildSettings = {
				ASSETCATALOG_COMPILER_GLOBAL_ACCENT_COLOR_NAME = AccentColor;
				ASSETCATALOG_COMPILER_WIDGET_BACKGROUND_COLOR_NAME = WidgetBackground;
				CODE_SIGN_ENTITLEMENTS = SevenSistersWidgetExtensionExtension.entitlements;
				CODE_SIGN_IDENTITY = "Apple Development";
				CODE_SIGN_STYLE = Automatic;
				CURRENT_PROJECT_VERSION = 2;
				DEVELOPMENT_TEAM = N6R87NMS8K;
				GENERATE_INFOPLIST_FILE = YES;
				INFOPLIST_FILE = SevenSistersWidgetExtension/Info.plist;
				INFOPLIST_KEY_CFBundleDisplayName = SevenSistersWidgetExtension;
				INFOPLIST_KEY_NSHumanReadableCopyright = "";
				IPHONEOS_DEPLOYMENT_TARGET = 26.1;
				LD_RUNPATH_SEARCH_PATHS = (
					"$(inherited)",
					"@executable_path/Frameworks",
					"@executable_path/../../Frameworks",
				);
				MARKETING_VERSION = 1.0.1;
				PRODUCT_BUNDLE_IDENTIFIER = com.CardsOfTheSevenSistersApp.CardsOfTheSevenSisters.SevenSistersWidgetExtension;
				PRODUCT_NAME = "$(TARGET_NAME)";
				SKIP_INSTALL = YES;
				STRING_CATALOG_GENERATE_SYMBOLS = YES;
				SWIFT_APPROACHABLE_CONCURRENCY = YES;
				SWIFT_EMIT_LOC_STRINGS = YES;
				SWIFT_UPCOMING_FEATURE_MEMBER_IMPORT_VISIBILITY = YES;
				SWIFT_VERSION = 5.0;
				TARGETED_DEVICE_FAMILY = "1,2";
			};
			name = Release;
		};
		D0061DB62DE2DE1500644B93 /* Debug */ = {
			isa = XCBuildConfiguration;
			buildSettings = {
				ALWAYS_SEARCH_USER_PATHS = NO;
				ASSETCATALOG_COMPILER_GENERATE_SWIFT_ASSET_SYMBOL_EXTENSIONS = YES;
				CLANG_ANALYZER_NONNULL = YES;
				CLANG_ANALYZER_NUMBER_OBJECT_CONVERSION = YES_AGGRESSIVE;
				CLANG_CXX_LANGUAGE_STANDARD = "gnu++20";
				CLANG_ENABLE_MODULES = YES;
				CLANG_ENABLE_OBJC_ARC = YES;
				CLANG_ENABLE_OBJC_WEAK = YES;
				CLANG_WARN_BLOCK_CAPTURE_AUTORELEASING = YES;
				CLANG_WARN_BOOL_CONVERSION = YES;
				CLANG_WARN_COMMA = YES;
				CLANG_WARN_CONSTANT_CONVERSION = YES;
				CLANG_WARN_DEPRECATED_OBJC_IMPLEMENTATIONS = YES;
				CLANG_WARN_DIRECT_OBJC_ISA_USAGE = YES_ERROR;
				CLANG_WARN_DOCUMENTATION_COMMENTS = YES;
				CLANG_WARN_EMPTY_BODY = YES;
				CLANG_WARN_ENUM_CONVERSION = YES;
				CLANG_WARN_INFINITE_RECURSION = YES;
				CLANG_WARN_INT_CONVERSION = YES;
				CLANG_WARN_NON_LITERAL_NULL_CONVERSION = YES;
				CLANG_WARN_OBJC_IMPLICIT_RETAIN_SELF = YES;
				CLANG_WARN_OBJC_LITERAL_CONVERSION = YES;
				CLANG_WARN_OBJC_ROOT_CLASS = YES_ERROR;
				CLANG_WARN_QUOTED_INCLUDE_IN_FRAMEWORK_HEADER = YES;
				CLANG_WARN_RANGE_LOOP_ANALYSIS = YES;
				CLANG_WARN_STRICT_PROTOTYPES = YES;
				CLANG_WARN_SUSPICIOUS_MOVE = YES;
				CLANG_WARN_UNGUARDED_AVAILABILITY = YES_AGGRESSIVE;
				CLANG_WARN_UNREACHABLE_CODE = YES;
				CLANG_WARN__DUPLICATE_METHOD_MATCH = YES;
				COPY_PHASE_STRIP = NO;
				DEBUG_INFORMATION_FORMAT = dwarf;
				DEVELOPMENT_TEAM = N6R87NMS8K;
				ENABLE_STRICT_OBJC_MSGSEND = YES;
				ENABLE_TESTABILITY = YES;
				ENABLE_USER_SCRIPT_SANDBOXING = YES;
				GCC_C_LANGUAGE_STANDARD = gnu17;
				GCC_DYNAMIC_NO_PIC = NO;
				GCC_NO_COMMON_BLOCKS = YES;
				GCC_OPTIMIZATION_LEVEL = 0;
				GCC_PREPROCESSOR_DEFINITIONS = (
					"DEBUG=1",
					"$(inherited)",
				);
				GCC_WARN_64_TO_32_BIT_CONVERSION = YES;
				GCC_WARN_ABOUT_RETURN_TYPE = YES_ERROR;
				GCC_WARN_UNDECLARED_SELECTOR = YES;
				GCC_WARN_UNINITIALIZED_AUTOS = YES_AGGRESSIVE;
				GCC_WARN_UNUSED_FUNCTION = YES;
				GCC_WARN_UNUSED_VARIABLE = YES;
				IPHONEOS_DEPLOYMENT_TARGET = 18.2;
				LOCALIZATION_PREFERS_STRING_CATALOGS = YES;
				MTL_ENABLE_DEBUG_INFO = INCLUDE_SOURCE;
				MTL_FAST_MATH = YES;
				ONLY_ACTIVE_ARCH = YES;
				SDKROOT = iphoneos;
				STRING_CATALOG_GENERATE_SYMBOLS = YES;
				SWIFT_ACTIVE_COMPILATION_CONDITIONS = "DEBUG $(inherited)";
				SWIFT_OPTIMIZATION_LEVEL = "-Onone";
			};
			name = Debug;
		};
		D0061DB72DE2DE1500644B93 /* Release */ = {
			isa = XCBuildConfiguration;
			buildSettings = {
				ALWAYS_SEARCH_USER_PATHS = NO;
				ASSETCATALOG_COMPILER_GENERATE_SWIFT_ASSET_SYMBOL_EXTENSIONS = YES;
				CLANG_ANALYZER_NONNULL = YES;
				CLANG_ANALYZER_NUMBER_OBJECT_CONVERSION = YES_AGGRESSIVE;
				CLANG_CXX_LANGUAGE_STANDARD = "gnu++20";
				CLANG_ENABLE_MODULES = YES;
				CLANG_ENABLE_OBJC_ARC = YES;
				CLANG_ENABLE_OBJC_WEAK = YES;
				CLANG_WARN_BLOCK_CAPTURE_AUTORELEASING = YES;
				CLANG_WARN_BOOL_CONVERSION = YES;
				CLANG_WARN_COMMA = YES;
				CLANG_WARN_CONSTANT_CONVERSION = YES;
				CLANG_WARN_DEPRECATED_OBJC_IMPLEMENTATIONS = YES;
				CLANG_WARN_DIRECT_OBJC_ISA_USAGE = YES_ERROR;
				CLANG_WARN_DOCUMENTATION_COMMENTS = YES;
				CLANG_WARN_EMPTY_BODY = YES;
				CLANG_WARN_ENUM_CONVERSION = YES;
				CLANG_WARN_INFINITE_RECURSION = YES;
				CLANG_WARN_INT_CONVERSION = YES;
				CLANG_WARN_NON_LITERAL_NULL_CONVERSION = YES;
				CLANG_WARN_OBJC_IMPLICIT_RETAIN_SELF = YES;
				CLANG_WARN_OBJC_LITERAL_CONVERSION = YES;
				CLANG_WARN_OBJC_ROOT_CLASS = YES_ERROR;
				CLANG_WARN_QUOTED_INCLUDE_IN_FRAMEWORK_HEADER = YES;
				CLANG_WARN_RANGE_LOOP_ANALYSIS = YES;
				CLANG_WARN_STRICT_PROTOTYPES = YES;
				CLANG_WARN_SUSPICIOUS_MOVE = YES;
				CLANG_WARN_UNGUARDED_AVAILABILITY = YES_AGGRESSIVE;
				CLANG_WARN_UNREACHABLE_CODE = YES;
				CLANG_WARN__DUPLICATE_METHOD_MATCH = YES;
				COPY_PHASE_STRIP = NO;
				DEBUG_INFORMATION_FORMAT = "dwarf-with-dsym";
				DEVELOPMENT_TEAM = N6R87NMS8K;
				ENABLE_NS_ASSERTIONS = NO;
				ENABLE_STRICT_OBJC_MSGSEND = YES;
				ENABLE_USER_SCRIPT_SANDBOXING = YES;
				GCC_C_LANGUAGE_STANDARD = gnu17;
				GCC_NO_COMMON_BLOCKS = YES;
				GCC_WARN_64_TO_32_BIT_CONVERSION = YES;
				GCC_WARN_ABOUT_RETURN_TYPE = YES_ERROR;
				GCC_WARN_UNDECLARED_SELECTOR = YES;
				GCC_WARN_UNINITIALIZED_AUTOS = YES_AGGRESSIVE;
				GCC_WARN_UNUSED_FUNCTION = YES;
				GCC_WARN_UNUSED_VARIABLE = YES;
				IPHONEOS_DEPLOYMENT_TARGET = 18.2;
				LOCALIZATION_PREFERS_STRING_CATALOGS = YES;
				MTL_ENABLE_DEBUG_INFO = NO;
				MTL_FAST_MATH = YES;
				SDKROOT = iphoneos;
				STRING_CATALOG_GENERATE_SYMBOLS = YES;
				SWIFT_COMPILATION_MODE = wholemodule;
				VALIDATE_PRODUCT = YES;
			};
			name = Release;
		};
		D0061DB92DE2DE1500644B93 /* Debug */ = {
			isa = XCBuildConfiguration;
			buildSettings = {
				ASSETCATALOG_COMPILER_APPICON_NAME = AppIcon;
				ASSETCATALOG_COMPILER_GLOBAL_ACCENT_COLOR_NAME = AccentColor;
				CODE_SIGN_ENTITLEMENTS = CardsOfTheSevenSisters/CardsOfTheSevenSisters.entitlements;
				CODE_SIGN_IDENTITY = "Apple Development";
				CODE_SIGN_STYLE = Automatic;
				CURRENT_PROJECT_VERSION = 1;
				DEVELOPMENT_ASSET_PATHS = "\"CardsOfTheSevenSisters/Preview Content\"";
				DEVELOPMENT_TEAM = N6R87NMS8K;
				ENABLE_PREVIEWS = YES;
				GENERATE_INFOPLIST_FILE = NO;
				INFOPLIST_FILE = CardsOfTheSevenSisters/Info.plist;
				INFOPLIST_KEY_CFBundleDisplayName = "Seven Sisters";
				INFOPLIST_KEY_LSApplicationCategoryType = "public.app-category.education";
				INFOPLIST_KEY_NSHumanReadableCopyright = "Copyright © 2025 Cards of The Seven Sisters. All rights reserved.";
				INFOPLIST_KEY_UIApplicationSupportsIndirectInputEvents = YES;
				INFOPLIST_KEY_UILaunchStoryboardName = cardbacknb;
				INFOPLIST_KEY_UIRequiredDeviceCapabilities = armv7;
				INFOPLIST_KEY_UISupportedInterfaceOrientations = UIInterfaceOrientationPortrait;
				INFOPLIST_KEY_UISupportedInterfaceOrientations_iPad = "UIInterfaceOrientationLandscapeLeft UIInterfaceOrientationLandscapeRight UIInterfaceOrientationPortrait UIInterfaceOrientationPortraitUpsideDown";
				IPHONEOS_DEPLOYMENT_TARGET = 17.6;
				LD_RUNPATH_SEARCH_PATHS = (
					"$(inherited)",
					"@executable_path/Frameworks",
				);
				MARKETING_VERSION = 1.0.2;
				PRODUCT_BUNDLE_IDENTIFIER = com.CardsOfTheSevenSistersApp.CardsOfTheSevenSisters;
				PRODUCT_NAME = "$(TARGET_NAME)";
				PROVISIONING_PROFILE_SPECIFIER = "";
				SWIFT_EMIT_LOC_STRINGS = YES;
				SWIFT_VERSION = 5.0;
				TARGETED_DEVICE_FAMILY = "1,2";
			};
			name = Debug;
		};
		D0061DBA2DE2DE1500644B93 /* Release */ = {
			isa = XCBuildConfiguration;
			buildSettings = {
				ASSETCATALOG_COMPILER_APPICON_NAME = AppIcon;
				ASSETCATALOG_COMPILER_GLOBAL_ACCENT_COLOR_NAME = AccentColor;
				CODE_SIGN_ENTITLEMENTS = CardsofTheSevenSisters/CardsofTheSevenSistersRelease.entitlements;
				CODE_SIGN_IDENTITY = "Apple Development";
				CODE_SIGN_STYLE = Automatic;
				CURRENT_PROJECT_VERSION = 1;
				DEVELOPMENT_ASSET_PATHS = "\"CardsOfTheSevenSisters/Preview Content\"";
				DEVELOPMENT_TEAM = N6R87NMS8K;
				ENABLE_PREVIEWS = YES;
				GENERATE_INFOPLIST_FILE = NO;
				INFOPLIST_FILE = CardsOfTheSevenSisters/Info.plist;
				INFOPLIST_KEY_CFBundleDisplayName = "Seven Sisters";
				INFOPLIST_KEY_LSApplicationCategoryType = "public.app-category.education";
				INFOPLIST_KEY_NSHumanReadableCopyright = "Copyright © 2025 Cards of The Seven Sisters. All rights reserved.";
				INFOPLIST_KEY_UIApplicationSupportsIndirectInputEvents = YES;
				INFOPLIST_KEY_UILaunchStoryboardName = cardbacknb;
				INFOPLIST_KEY_UIRequiredDeviceCapabilities = armv7;
				INFOPLIST_KEY_UISupportedInterfaceOrientations = UIInterfaceOrientationPortrait;
				INFOPLIST_KEY_UISupportedInterfaceOrientations_iPad = "UIInterfaceOrientationLandscapeLeft UIInterfaceOrientationLandscapeRight UIInterfaceOrientationPortrait UIInterfaceOrientationPortraitUpsideDown";
				IPHONEOS_DEPLOYMENT_TARGET = 17.6;
				LD_RUNPATH_SEARCH_PATHS = (
					"$(inherited)",
					"@executable_path/Frameworks",
				);
				MARKETING_VERSION = 1.0.2;
				PRODUCT_BUNDLE_IDENTIFIER = com.CardsOfTheSevenSistersApp.CardsOfTheSevenSisters;
				PRODUCT_NAME = "$(TARGET_NAME)";
				PROVISIONING_PROFILE_SPECIFIER = "";
				SWIFT_EMIT_LOC_STRINGS = YES;
				SWIFT_VERSION = 5.0;
				TARGETED_DEVICE_FAMILY = "1,2";
			};
			name = Release;
		};
/* End XCBuildConfiguration section */

/* Begin XCConfigurationList section */
		647427052F960BF100A65CFA /* Build configuration list for PBXNativeTarget "Cards of The Seven SistersTests" */ = {
			isa = XCConfigurationList;
			buildConfigurations = (
				647427062F960BF100A65CFA /* Debug */,
				647427072F960BF100A65CFA /* Release */,
			);
			defaultConfigurationIsVisible = 0;
			defaultConfigurationName = Release;
		};
		647427232F9610FD00A65CFA /* Build configuration list for PBXNativeTarget "Cards of The Seven Sisters UITests" */ = {
			isa = XCConfigurationList;
			buildConfigurations = (
				647427242F9610FD00A65CFA /* Debug */,
				647427252F9610FD00A65CFA /* Release */,
			);
			defaultConfigurationIsVisible = 0;
			defaultConfigurationName = Release;
		};
		64DA07DC2F99E14B0003A782 /* Build configuration list for PBXNativeTarget "SevenSistersWidgetExtensionExtension" */ = {
			isa = XCConfigurationList;
			buildConfigurations = (
				64DA07DD2F99E14B0003A782 /* Debug */,
				64DA07DE2F99E14B0003A782 /* Release */,
			);
			defaultConfigurationIsVisible = 0;
			defaultConfigurationName = Release;
		};
		D0061DA52DE2DE1300644B93 /* Build configuration list for PBXProject "CardsofTheSevenSisters" */ = {
			isa = XCConfigurationList;
			buildConfigurations = (
				D0061DB62DE2DE1500644B93 /* Debug */,
				D0061DB72DE2DE1500644B93 /* Release */,
			);
			defaultConfigurationIsVisible = 0;
			defaultConfigurationName = Release;
		};
		D0061DB82DE2DE1500644B93 /* Build configuration list for PBXNativeTarget "CardsofTheSevenSisters" */ = {
			isa = XCConfigurationList;
			buildConfigurations = (
				D0061DB92DE2DE1500644B93 /* Debug */,
				D0061DBA2DE2DE1500644B93 /* Release */,
			);
			defaultConfigurationIsVisible = 0;
			defaultConfigurationName = Release;
		};
/* End XCConfigurationList section */
	};
	rootObject = D0061DA22DE2DE1300644B93 /* Project object */;
}
